
Microsoft Visual Studio Solution File, Format Version 12.00
# Visual Studio 15
VisualStudioVersion = 15.0.28010.2036
MinimumVisualStudioVersion = 10.0.40219.1
Project("{FAE04EC0-301F-11D3-BF4B-00C04F79EFBC}") = "Clarksons.CPM.Automation.E2E", "Clarksons.CPM.Automation.E2E\Clarksons.CPM.Automation.E2E.csproj", "{25E7ED65-D0E7-4944-9043-F8D99487C62C}"
EndProject
Project("{FAE04EC0-301F-11D3-BF4B-00C04F79EFBC}") = "Clarksons.CPM.Automation.POM", "Clarksons.CPM.Automation.POM\Clarksons.CPM.Automation.POM.csproj", "{ECC0261A-F6CB-49CA-AA7B-80D7C0DDCC46}"
EndProject
Project("{FAE04EC0-301F-11D3-BF4B-00C04F79EFBC}") = "Clarksons.CPM.Automation.Utilities", "Clarksons.CPM.Automation.Utilities\Clarksons.CPM.Automation.Utilities.csproj", "{C4F3156F-0B4D-4461-A2A2-804D939FEA81}"
EndProject
Global
	GlobalSection(SolutionConfigurationPlatforms) = preSolution
		CPM.INT.UI|Any CPU = CPM.INT.UI|Any CPU
		CPM.Test.UI|Any CPU = CPM.Test.UI|Any CPU
		CPM.Test1.UI|Any CPU = CPM.Test1.UI|Any CPU
		Debug|Any CPU = Debug|Any CPU
		Release|Any CPU = Release|Any CPU
		RM.INT.UI|Any CPU = RM.INT.UI|Any CPU
		RM.TEST.UI|Any CPU = RM.TEST.UI|Any CPU
	EndGlobalSection
	GlobalSection(ProjectConfigurationPlatforms) = postSolution
		{25E7ED65-D0E7-4944-9043-F8D99487C62C}.CPM.INT.UI|Any CPU.ActiveCfg = CPM.INT.UI|Any CPU
		{25E7ED65-D0E7-4944-9043-F8D99487C62C}.CPM.INT.UI|Any CPU.Build.0 = CPM.INT.UI|Any CPU
		{25E7ED65-D0E7-4944-9043-F8D99487C62C}.CPM.Test.UI|Any CPU.ActiveCfg = CPM.Test.UI|Any CPU
		{25E7ED65-D0E7-4944-9043-F8D99487C62C}.CPM.Test.UI|Any CPU.Build.0 = CPM.Test.UI|Any CPU
		{25E7ED65-D0E7-4944-9043-F8D99487C62C}.CPM.Test1.UI|Any CPU.ActiveCfg = CPM.Test1.UI|Any CPU
		{25E7ED65-D0E7-4944-9043-F8D99487C62C}.CPM.Test1.UI|Any CPU.Build.0 = CPM.Test1.UI|Any CPU
		{25E7ED65-D0E7-4944-9043-F8D99487C62C}.Debug|Any CPU.ActiveCfg = Debug|Any CPU
		{25E7ED65-D0E7-4944-9043-F8D99487C62C}.Debug|Any CPU.Build.0 = Debug|Any CPU
		{25E7ED65-D0E7-4944-9043-F8D99487C62C}.Release|Any CPU.ActiveCfg = Release|Any CPU
		{25E7ED65-D0E7-4944-9043-F8D99487C62C}.Release|Any CPU.Build.0 = Release|Any CPU
		{25E7ED65-D0E7-4944-9043-F8D99487C62C}.RM.INT.UI|Any CPU.ActiveCfg = RM.INT.UI|Any CPU
		{25E7ED65-D0E7-4944-9043-F8D99487C62C}.RM.INT.UI|Any CPU.Build.0 = RM.INT.UI|Any CPU
		{25E7ED65-D0E7-4944-9043-F8D99487C62C}.RM.TEST.UI|Any CPU.ActiveCfg = RM.TEST.UI|Any CPU
		{25E7ED65-D0E7-4944-9043-F8D99487C62C}.RM.TEST.UI|Any CPU.Build.0 = RM.TEST.UI|Any CPU
		{ECC0261A-F6CB-49CA-AA7B-80D7C0DDCC46}.CPM.INT.UI|Any CPU.ActiveCfg = Debug|Any CPU
		{ECC0261A-F6CB-49CA-AA7B-80D7C0DDCC46}.CPM.INT.UI|Any CPU.Build.0 = Debug|Any CPU
		{ECC0261A-F6CB-49CA-AA7B-80D7C0DDCC46}.CPM.Test.UI|Any CPU.ActiveCfg = Debug|Any CPU
		{ECC0261A-F6CB-49CA-AA7B-80D7C0DDCC46}.CPM.Test.UI|Any CPU.Build.0 = Debug|Any CPU
		{ECC0261A-F6CB-49CA-AA7B-80D7C0DDCC46}.CPM.Test1.UI|Any CPU.ActiveCfg = Debug|Any CPU
		{ECC0261A-F6CB-49CA-AA7B-80D7C0DDCC46}.CPM.Test1.UI|Any CPU.Build.0 = Debug|Any CPU
		{ECC0261A-F6CB-49CA-AA7B-80D7C0DDCC46}.Debug|Any CPU.ActiveCfg = Debug|Any CPU
		{ECC0261A-F6CB-49CA-AA7B-80D7C0DDCC46}.Debug|Any CPU.Build.0 = Debug|Any CPU
		{ECC0261A-F6CB-49CA-AA7B-80D7C0DDCC46}.Release|Any CPU.ActiveCfg = Release|Any CPU
		{ECC0261A-F6CB-49CA-AA7B-80D7C0DDCC46}.Release|Any CPU.Build.0 = Release|Any CPU
		{ECC0261A-F6CB-49CA-AA7B-80D7C0DDCC46}.RM.INT.UI|Any CPU.ActiveCfg = Debug|Any CPU
		{ECC0261A-F6CB-49CA-AA7B-80D7C0DDCC46}.RM.INT.UI|Any CPU.Build.0 = Debug|Any CPU
		{ECC0261A-F6CB-49CA-AA7B-80D7C0DDCC46}.RM.TEST.UI|Any CPU.ActiveCfg = Debug|Any CPU
		{ECC0261A-F6CB-49CA-AA7B-80D7C0DDCC46}.RM.TEST.UI|Any CPU.Build.0 = Debug|Any CPU
		{C4F3156F-0B4D-4461-A2A2-804D939FEA81}.CPM.INT.UI|Any CPU.ActiveCfg = Debug|Any CPU
		{C4F3156F-0B4D-4461-A2A2-804D939FEA81}.CPM.INT.UI|Any CPU.Build.0 = Debug|Any CPU
		{C4F3156F-0B4D-4461-A2A2-804D939FEA81}.CPM.Test.UI|Any CPU.ActiveCfg = Debug|Any CPU
		{C4F3156F-0B4D-4461-A2A2-804D939FEA81}.CPM.Test.UI|Any CPU.Build.0 = Debug|Any CPU
		{C4F3156F-0B4D-4461-A2A2-804D939FEA81}.CPM.Test1.UI|Any CPU.ActiveCfg = Debug|Any CPU
		{C4F3156F-0B4D-4461-A2A2-804D939FEA81}.CPM.Test1.UI|Any CPU.Build.0 = Debug|Any CPU
		{C4F3156F-0B4D-4461-A2A2-804D939FEA81}.Debug|Any CPU.ActiveCfg = Debug|Any CPU
		{C4F3156F-0B4D-4461-A2A2-804D939FEA81}.Debug|Any CPU.Build.0 = Debug|Any CPU
		{C4F3156F-0B4D-4461-A2A2-804D939FEA81}.Release|Any CPU.ActiveCfg = Release|Any CPU
		{C4F3156F-0B4D-4461-A2A2-804D939FEA81}.Release|Any CPU.Build.0 = Release|Any CPU
		{C4F3156F-0B4D-4461-A2A2-804D939FEA81}.RM.INT.UI|Any CPU.ActiveCfg = Debug|Any CPU
		{C4F3156F-0B4D-4461-A2A2-804D939FEA81}.RM.INT.UI|Any CPU.Build.0 = Debug|Any CPU
		{C4F3156F-0B4D-4461-A2A2-804D939FEA81}.RM.TEST.UI|Any CPU.ActiveCfg = Debug|Any CPU
		{C4F3156F-0B4D-4461-A2A2-804D939FEA81}.RM.TEST.UI|Any CPU.Build.0 = Debug|Any CPU
	EndGlobalSection
	GlobalSection(SolutionProperties) = preSolution
		HideSolutionNode = FALSE
	EndGlobalSection
	GlobalSection(ExtensibilityGlobals) = postSolution
		SolutionGuid = {2F511181-A312-44A4-BA9A-00E12FE1F1BA}
	EndGlobalSection
EndGlobal
